{
  "name": "test3",
  "version": "1.0.0",
  "lockfileVersion": 1,
  "requires": true,
  "dependencies": {
    "ansi-regex": {
      "version": "2.1.1",
      "resolved": "http://registry.npm.taobao.org/ansi-regex/download/ansi-regex-2.1.1.tgz",
      "integrity": "sha1-w7M6te42DYbg5ijwRorn7yfWVN8="
    },
    "axios": {
      "version": "0.21.1",
      "resolved": "https://registry.npmjs.org/axios/-/axios-0.21.1.tgz",
      "integrity": "sha512-dKQiRHxGD9PPRIUNIWvZhPTPpl1rf/OxTYKsqKUDjBwYylTvV7SjSHJb9ratfyzM6wCdLCOYLzs73qpg5c4iGA==",
      "requires": {
        "follow-redirects": "^1.10.0"
      }
    },
    "cli-color": {
      "version": "1.4.0",
      "resolved": "http://registry.npm.taobao.org/cli-color/download/cli-color-1.4.0.tgz",
      "integrity": "sha1-fRBzj0hSaCT4/n2lGFfLD1cv4B8=",
      "requires": {
        "ansi-regex": "^2.1.1",
        "d": "1",
        "es5-ext": "^0.10.46",
        "es6-iterator": "^2.0.3",
        "memoizee": "^0.4.14",
        "timers-ext": "^0.1.5"
      }
    },
    "cli-table": {
      "version": "0.3.1",
      "resolved": "http://registry.npm.taobao.org/cli-table/download/cli-table-0.3.1.tgz",
      "integrity": "sha1-9TsFJmqLGguTSz0IIebi3FkUriM=",
      "requires": {
        "colors": "1.0.3"
      }
    },
    "colors": {
      "version": "1.0.3",
      "resolved": "http://registry.npm.taobao.org/colors/download/colors-1.0.3.tgz",
      "integrity": "sha1-BDP0TYCWgP3rYO0mDxsMJi6CpAs="
    },
    "compare-versions": {
      "version": "3.4.0",
      "resolved": "http://registry.npm.taobao.org/compare-versions/download/compare-versions-3.4.0.tgz",
      "integrity": "sha1-4HR99cnLfwVNbT3D4dvERPnpKyY="
    },
    "d": {
      "version": "1.0.0",
      "resolved": "http://registry.npm.taobao.org/d/download/d-1.0.0.tgz",
      "integrity": "sha1-dUu1v+VUUdpppYuU1F9MWwRi1Y8=",
      "requires": {
        "es5-ext": "^0.10.9"
      }
    },
    "es5-ext": {
      "version": "0.10.49",
      "resolved": "http://registry.npm.taobao.org/es5-ext/download/es5-ext-0.10.49.tgz",
      "integrity": "sha1-BZojnehiyUSU/sKPgVDJdwKMbF4=",
      "requires": {
        "es6-iterator": "~2.0.3",
        "es6-symbol": "~3.1.1",
        "next-tick": "^1.0.0"
      }
    },
    "es6-iterator": {
      "version": "2.0.3",
      "resolved": "http://registry.npm.taobao.org/es6-iterator/download/es6-iterator-2.0.3.tgz",
      "integrity": "sha1-p96IkUGgWpSwhUQDstCg+/qY87c=",
      "requires": {
        "d": "1",
        "es5-ext": "^0.10.35",
        "es6-symbol": "^3.1.1"
      }
    },
    "es6-symbol": {
      "version": "3.1.1",
      "resolved": "http://registry.npm.taobao.org/es6-symbol/download/es6-symbol-3.1.1.tgz",
      "integrity": "sha1-vwDvT9q2uhtG7Le2KbTH7VcVzHc=",
      "requires": {
        "d": "1",
        "es5-ext": "~0.10.14"
      }
    },
    "es6-weak-map": {
      "version": "2.0.2",
      "resolved": "http://registry.npm.taobao.org/es6-weak-map/download/es6-weak-map-2.0.2.tgz",
      "integrity": "sha1-XjqzIlH/0VOKH45f+hNXdy+S2W8=",
      "requires": {
        "d": "1",
        "es5-ext": "^0.10.14",
        "es6-iterator": "^2.0.1",
        "es6-symbol": "^3.1.1"
      }
    },
    "event-emitter": {
      "version": "0.3.5",
      "resolved": "http://registry.npm.taobao.org/event-emitter/download/event-emitter-0.3.5.tgz",
      "integrity": "sha1-34xp7vFkeSPHFXuc6DhAYQsCzDk=",
      "requires": {
        "d": "1",
        "es5-ext": "~0.10.14"
      }
    },
    "follow-redirects": {
      "version": "1.13.1",
      "resolved": "https://registry.npmjs.org/follow-redirects/-/follow-redirects-1.13.1.tgz",
      "integrity": "sha512-SSG5xmZh1mkPGyKzjZP8zLjltIfpW32Y5QpdNJyjcfGxK3qo3NDDkZOZSFiGn1A6SclQxY9GzEwAHQ3dmYRWpg=="
    },
    "is-promise": {
      "version": "2.1.0",
      "resolved": "http://registry.npm.taobao.org/is-promise/download/is-promise-2.1.0.tgz",
      "integrity": "sha1-eaKp7OfwlugPNtKy87wWwf9L8/o="
    },
    "lru-queue": {
      "version": "0.1.0",
      "resolved": "http://registry.npm.taobao.org/lru-queue/download/lru-queue-0.1.0.tgz",
      "integrity": "sha1-Jzi9nw089PhEkMVzbEhpmsYyzaM=",
      "requires": {
        "es5-ext": "~0.10.2"
      }
    },
    "memoizee": {
      "version": "0.4.14",
      "resolved": "http://registry.npm.taobao.org/memoizee/download/memoizee-0.4.14.tgz",
      "integrity": "sha1-B6APIEaZ+alcLZ53IYJxx81hDVc=",
      "requires": {
        "d": "1",
        "es5-ext": "^0.10.45",
        "es6-weak-map": "^2.0.2",
        "event-emitter": "^0.3.5",
        "is-promise": "^2.1",
        "lru-queue": "0.1",
        "next-tick": "1",
        "timers-ext": "^0.1.5"
      }
    },
    "next-tick": {
      "version": "1.0.0",
      "resolved": "http://registry.npm.taobao.org/next-tick/download/next-tick-1.0.0.tgz",
      "integrity": "sha1-yobR/ogoFpsBICCOPchCS524NCw="
    },
    "timers-ext": {
      "version": "0.1.7",
      "resolved": "http://registry.npm.taobao.org/timers-ext/download/timers-ext-0.1.7.tgz",
      "integrity": "sha1-b1ethXjgej+5+R2Th9ZWR1VeJcY=",
      "requires": {
        "es5-ext": "~0.10.46",
        "next-tick": "1"
      }
    }
  }
}
